{
  "name": "ccxt",
  "version": "1.0.0",
  "lockfileVersion": 1,
  "requires": true,
  "dependencies": {
    "crypto-js": {
      "version": "3.1.9-1",
      "resolved": "https://registry.npmjs.org/crypto-js/-/crypto-js-3.1.9-1.tgz",
      "integrity": "sha1-/aGedh/Ad+Af+/3G6f38WeiAbNg="
    },
    "fetch-ponyfill": {
      "version": "6.0.2",
      "resolved": "https://registry.npmjs.org/fetch-ponyfill/-/fetch-ponyfill-6.0.2.tgz",
      "integrity": "sha512-hBWVb6Z0chjr9r0g4N5uknldAnyFstWTnX6oFxMsL9ZlSL7fa66Keis3y4SCMgpTggY4GeGbB4z3z5g5SmrgkQ==",
      "requires": {
        "node-fetch": "2.1.2"
      }
    },
    "node-fetch": {
      "version": "2.1.2",
      "resolved": "https://registry.npmjs.org/node-fetch/-/node-fetch-2.1.2.tgz",
      "integrity": "sha1-q4hOjn5X44qUR1POxwb3iNF2i7U="
    }
  }
}
